// !$*UTF8*$!
{
	archiveVersion = 1;
	classes = {
	};
	objectVersion = 46;
	objects = {

/* Begin PBXBuildFile section */
		823615C21DF9140700AEB410 /* CustomSwipeTableViewCell.swift in Sources */ = {isa = PBXBuildFile; fileRef = 823615C11DF9140700AEB410 /* CustomSwipeTableViewCell.swift */; };
		8258C34B1E2CB63800CF6558 /* DateViewController.swift in Sources */ = {isa = PBXBuildFile; fileRef = 8258C34A1E2CB63800CF6558 /* DateViewController.swift */; };
		827C37D91E2DCBA400D48B30 /* DateViewItem.swift in Sources */ = {isa = PBXBuildFile; fileRef = 827C37D81E2DCBA400D48B30 /* DateViewItem.swift */; };
		827C37DB1E2DCBDD00D48B30 /* DateView.swift in Sources */ = {isa = PBXBuildFile; fileRef = 827C37DA1E2DCBDD00D48B30 /* DateView.swift */; };
		827C37DD1E2DCC1100D48B30 /* CustomCalardenScrollView.swift in Sources */ = {isa = PBXBuildFile; fileRef = 827C37DC1E2DCC1100D48B30 /* CustomCalardenScrollView.swift */; };
		829160471DF64706005D878C /* AppDelegate.swift in Sources */ = {isa = PBXBuildFile; fileRef = 829160461DF64706005D878C /* AppDelegate.swift */; };
		829160491DF64706005D878C /* ViewController.swift in Sources */ = {isa = PBXBuildFile; fileRef = 829160481DF64706005D878C /* ViewController.swift */; };
		8291604C1DF64706005D878C /* Main.storyboard in Resources */ = {isa = PBXBuildFile; fileRef = 8291604A1DF64706005D878C /* Main.storyboard */; };
		8291604E1DF64706005D878C /* Assets.xcassets in Resources */ = {isa = PBXBuildFile; fileRef = 8291604D1DF64706005D878C /* Assets.xcassets */; };
		829160511DF64706005D878C /* LaunchScreen.storyboard in Resources */ = {isa = PBXBuildFile; fileRef = 8291604F1DF64706005D878C /* LaunchScreen.storyboard */; };
		829160591DF64765005D878C /* BannerScrollView.swift in Sources */ = {isa = PBXBuildFile; fileRef = 829160581DF64765005D878C /* BannerScrollView.swift */; };
		8291605D1DF69708005D878C /* CustomPageControl.swift in Sources */ = {isa = PBXBuildFile; fileRef = 8291605C1DF69708005D878C /* CustomPageControl.swift */; };
/* End PBXBuildFile section */

/* Begin PBXFileReference section */
		823615C11DF9140700AEB410 /* CustomSwipeTableViewCell.swift */ = {isa = PBXFileReference; fileEncoding = 4; lastKnownFileType = sourcecode.swift; path = CustomSwipeTableViewCell.swift; sourceTree = "<group>"; };
		8258C34A1E2CB63800CF6558 /* DateViewController.swift */ = {isa = PBXFileReference; fileEncoding = 4; lastKnownFileType = sourcecode.swift; path = DateViewController.swift; sourceTree = "<group>"; };
		827C37D81E2DCBA400D48B30 /* DateViewItem.swift */ = {isa = PBXFileReference; fileEncoding = 4; lastKnownFileType = sourcecode.swift; path = DateViewItem.swift; sourceTree = "<group>"; };
		827C37DA1E2DCBDD00D48B30 /* DateView.swift */ = {isa = PBXFileReference; fileEncoding = 4; lastKnownFileType = sourcecode.swift; path = DateView.swift; sourceTree = "<group>"; };
		827C37DC1E2DCC1100D48B30 /* CustomCalardenScrollView.swift */ = {isa = PBXFileReference; fileEncoding = 4; lastKnownFileType = sourcecode.swift; path = CustomCalardenScrollView.swift; sourceTree = "<group>"; };
		829160431DF64706005D878C /* Banner.app */ = {isa = PBXFileReference; explicitFileType = wrapper.application; includeInIndex = 0; path = Banner.app; sourceTree = BUILT_PRODUCTS_DIR; };
		829160461DF64706005D878C /* AppDelegate.swift */ = {isa = PBXFileReference; lastKnownFileType = sourcecode.swift; path = AppDelegate.swift; sourceTree = "<group>"; };
		829160481DF64706005D878C /* ViewController.swift */ = {isa = PBXFileReference; lastKnownFileType = sourcecode.swift; path = ViewController.swift; sourceTree = "<group>"; };
		8291604B1DF64706005D878C /* Base */ = {isa = PBXFileReference; lastKnownFileType = file.storyboard; name = Base; path = Base.lproj/Main.storyboard; sourceTree = "<group>"; };
		8291604D1DF64706005D878C /* Assets.xcassets */ = {isa = PBXFileReference; lastKnownFileType = folder.assetcatalog; path = Assets.xcassets; sourceTree = "<group>"; };
		829160501DF64706005D878C /* Base */ = {isa = PBXFileReference; lastKnownFileType = file.storyboard; name = Base; path = Base.lproj/LaunchScreen.storyboard; sourceTree = "<group>"; };
		829160521DF64706005D878C /* Info.plist */ = {isa = PBXFileReference; lastKnownFileType = text.plist.xml; path = Info.plist; sourceTree = "<group>"; };
		829160581DF64765005D878C /* BannerScrollView.swift */ = {isa = PBXFileReference; fileEncoding = 4; lastKnownFileType = sourcecode.swift; path = BannerScrollView.swift; sourceTree = "<group>"; };
		8291605C1DF69708005D878C /* CustomPageControl.swift */ = {isa = PBXFileReference; fileEncoding = 4; lastKnownFileType = sourcecode.swift; path = CustomPageControl.swift; sourceTree = "<group>"; };
/* End PBXFileReference section */

/* Begin PBXFrameworksBuildPhase section */
		829160401DF64706005D878C /* Frameworks */ = {
			isa = PBXFrameworksBuildPhase;
			buildActionMask = 2147483647;
			files = (
			);
			runOnlyForDeploymentPostprocessing = 0;
		};
/* End PBXFrameworksBuildPhase section */

/* Begin PBXGroup section */
		8291603A1DF64706005D878C = {
			isa = PBXGroup;
			children = (
				829160451DF64706005D878C /* Banner */,
				829160441DF64706005D878C /* Products */,
			);
			sourceTree = "<group>";
		};
		829160441DF64706005D878C /* Products */ = {
			isa = PBXGroup;
			children = (
				829160431DF64706005D878C /* Banner.app */,
			);
			name = Products;
			sourceTree = "<group>";
		};
		829160451DF64706005D878C /* Banner */ = {
			isa = PBXGroup;
			children = (
				829160461DF64706005D878C /* AppDelegate.swift */,
				829160481DF64706005D878C /* ViewController.swift */,
				829160581DF64765005D878C /* BannerScrollView.swift */,
				8291605C1DF69708005D878C /* CustomPageControl.swift */,
				823615C11DF9140700AEB410 /* CustomSwipeTableViewCell.swift */,
				8291604A1DF64706005D878C /* Main.storyboard */,
				8291604D1DF64706005D878C /* Assets.xcassets */,
				8291604F1DF64706005D878C /* LaunchScreen.storyboard */,
				829160521DF64706005D878C /* Info.plist */,
				8258C34A1E2CB63800CF6558 /* DateViewController.swift */,
				827C37D81E2DCBA400D48B30 /* DateViewItem.swift */,
				827C37DA1E2DCBDD00D48B30 /* DateView.swift */,
				827C37DC1E2DCC1100D48B30 /* CustomCalardenScrollView.swift */,
			);
			path = Banner;
			sourceTree = "<group>";
		};
/* End PBXGroup section */

/* Begin PBXNativeTarget section */
		829160421DF64706005D878C /* Banner */ = {
			isa = PBXNativeTarget;
			buildConfigurationList = 829160551DF64706005D878C /* Build configuration list for PBXNativeTarget "Banner" */;
			buildPhases = (
				8291603F1DF64706005D878C /* Sources */,
				829160401DF64706005D878C /* Frameworks */,
				829160411DF64706005D878C /* Resources */,
			);
			buildRules = (
			);
			dependencies = (
			);
			name = Banner;
			productName = Banner;
			productReference = 829160431DF64706005D878C /* Banner.app */;
			productType = "com.apple.product-type.application";
		};
/* End PBXNativeTarget section */

/* Begin PBXProject section */
		8291603B1DF64706005D878C /* Project object */ = {
			isa = PBXProject;
			attributes = {
				LastSwiftUpdateCheck = 0810;
				LastUpgradeCheck = 0810;
				ORGANIZATIONNAME = Jason_Yao;
				TargetAttributes = {
					829160421DF64706005D878C = {
						CreatedOnToolsVersion = 8.1;
						DevelopmentTeam = J3V6S85N9Y;
						ProvisioningStyle = Automatic;
					};
				};
			};
			buildConfigurationList = 8291603E1DF64706005D878C /* Build configuration list for PBXProject "Banner" */;
			compatibilityVersion = "Xcode 3.2";
			developmentRegion = English;
			hasScannedForEncodings = 0;
			knownRegions = (
				en,
				Base,
			);
			mainGroup = 8291603A1DF64706005D878C;
			productRefGroup = 829160441DF64706005D878C /* Products */;
			projectDirPath = "";
			projectRoot = "";
			targets = (
				829160421DF64706005D878C /* Banner */,
			);
		};
/* End PBXProject section */

/* Begin PBXResourcesBuildPhase section */
		829160411DF64706005D878C /* Resources */ = {
			isa = PBXResourcesBuildPhase;
			buildActionMask = 2147483647;
			files = (
				829160511DF64706005D878C /* LaunchScreen.storyboard in Resources */,
				8291604E1DF64706005D878C /* Assets.xcassets in Resources */,
				8291604C1DF64706005D878C /* Main.storyboard in Resources */,
			);
			runOnlyForDeploymentPostprocessing = 0;
		};
/* End PBXResourcesBuildPhase section */

/* Begin PBXSourcesBuildPhase section */
		8291603F1DF64706005D878C /* Sources */ = {
			isa = PBXSourcesBuildPhase;
			buildActionMask = 2147483647;
			files = (
				829160491DF64706005D878C /* ViewController.swift in Sources */,
				829160471DF64706005D878C /* AppDelegate.swift in Sources */,
				827C37DD1E2DCC1100D48B30 /* CustomCalardenScrollView.swift in Sources */,
				827C37DB1E2DCBDD00D48B30 /* DateView.swift in Sources */,
				829160591DF64765005D878C /* BannerScrollView.swift in Sources */,
				823615C21DF9140700AEB410 /* CustomSwipeTableViewCell.swift in Sources */,
				827C37D91E2DCBA400D48B30 /* DateViewItem.swift in Sources */,
				8258C34B1E2CB63800CF6558 /* DateViewController.swift in Sources */,
				8291605D1DF69708005D878C /* CustomPageControl.swift in Sources */,
			);
			runOnlyForDeploymentPostprocessing = 0;
		};
/* End PBXSourcesBuildPhase section */

/* Begin PBXVariantGroup section */
		8291604A1DF64706005D878C /* Main.storyboard */ = {
			isa = PBXVariantGroup;
			children = (
				8291604B1DF64706005D878C /* Base */,
			);
			name = Main.storyboard;
			sourceTree = "<group>";
		};
		8291604F1DF64706005D878C /* LaunchScreen.storyboard */ = {
			isa = PBXVariantGroup;
			children = (
				829160501DF64706005D878C /* Base */,
			);
			name = LaunchScreen.storyboard;
			sourceTree = "<group>";
		};
/* End PBXVariantGroup section */

/* Begin XCBuildConfiguration section */
		829160531DF64706005D878C /* Debug */ = {
			isa = XCBuildConfiguration;
			buildSettings = {
				ALWAYS_SEARCH_USER_PATHS = NO;
				CLANG_ANALYZER_NONNULL = YES;
				CLANG_CXX_LANGUAGE_STANDARD = "gnu++0x";
				CLANG_CXX_LIBRARY = "libc++";
				CLANG_ENABLE_MODULES = YES;
				CLANG_ENABLE_OBJC_ARC = YES;
				CLANG_WARN_BOOL_CONVERSION = YES;
				CLANG_WARN_CONSTANT_CONVERSION = YES;
				CLANG_WARN_DIRECT_OBJC_ISA_USAGE = YES_ERROR;
				CLANG_WARN_DOCUMENTATION_COMMENTS = YES;
				CLANG_WARN_EMPTY_BODY = YES;
				CLANG_WARN_ENUM_CONVERSION = YES;
				CLANG_WARN_INFINITE_RECURSION = YES;
				CLANG_WARN_INT_CONVERSION = YES;
				CLANG_WARN_OBJC_ROOT_CLASS = YES_ERROR;
				CLANG_WARN_SUSPICIOUS_MOVES = YES;
				CLANG_WARN_UNREACHABLE_CODE = YES;
				CLANG_WARN__DUPLICATE_METHOD_MATCH = YES;
				"CODE_SIGN_IDENTITY[sdk=iphoneos*]" = "iPhone Developer";
				COPY_PHASE_STRIP = NO;
				DEBUG_INFORMATION_FORMAT = dwarf;
				ENABLE_STRICT_OBJC_MSGSEND = YES;
				ENABLE_TESTABILITY = YES;
				GCC_C_LANGUAGE_STANDARD = gnu99;
				GCC_DYNAMIC_NO_PIC = NO;
				GCC_NO_COMMON_BLOCKS = YES;
				GCC_OPTIMIZATION_LEVEL = 0;
				GCC_PREPROCESSOR_DEFINITIONS = (
					"DEBUG=1",
					"$(inherited)",
				);
				GCC_WARN_64_TO_32_BIT_CONVERSION = YES;
				GCC_WARN_ABOUT_RETURN_TYPE = YES_ERROR;
				GCC_WARN_UNDECLARED_SELECTOR = YES;
				GCC_WARN_UNINITIALIZED_AUTOS = YES_AGGRESSIVE;
				GCC_WARN_UNUSED_FUNCTION = YES;
				GCC_WARN_UNUSED_VARIABLE = YES;
				IPHONEOS_DEPLOYMENT_TARGET = 10.1;
				MTL_ENABLE_DEBUG_INFO = YES;
				ONLY_ACTIVE_ARCH = YES;
				SDKROOT = iphoneos;
				SWIFT_ACTIVE_COMPILATION_CONDITIONS = DEBUG;
				SWIFT_OPTIMIZATION_LEVEL = "-Onone";
				TARGETED_DEVICE_FAMILY = "1,2";
			};
			name = Debug;
		};
		829160541DF64706005D878C /* Release */ = {
			isa = XCBuildConfiguration;
			buildSettings = {
				ALWAYS_SEARCH_USER_PATHS = NO;
				CLANG_ANALYZER_NONNULL = YES;
				CLANG_CXX_LANGUAGE_STANDARD = "gnu++0x";
				CLANG_CXX_LIBRARY = "libc++";
				CLANG_ENABLE_MODULES = YES;
				CLANG_ENABLE_OBJC_ARC = YES;
				CLANG_WARN_BOOL_CONVERSION = YES;
				CLANG_WARN_CONSTANT_CONVERSION = YES;
				CLANG_WARN_DIRECT_OBJC_ISA_USAGE = YES_ERROR;
				CLANG_WARN_DOCUMENTATION_COMMENTS = YES;
				CLANG_WARN_EMPTY_BODY = YES;
				CLANG_WARN_ENUM_CONVERSION = YES;
				CLANG_WARN_INFINITE_RECURSION = YES;
				CLANG_WARN_INT_CONVERSION = YES;
				CLANG_WARN_OBJC_ROOT_CLASS = YES_ERROR;
				CLANG_WARN_SUSPICIOUS_MOVES = YES;
				CLANG_WARN_UNREACHABLE_CODE = YES;
				CLANG_WARN__DUPLICATE_METHOD_MATCH = YES;
				"CODE_SIGN_IDENTITY[sdk=iphoneos*]" = "iPhone Developer";
				COPY_PHASE_STRIP = NO;
				DEBUG_INFORMATION_FORMAT = "dwarf-with-dsym";
				ENABLE_NS_ASSERTIONS = NO;
				ENABLE_STRICT_OBJC_MSGSEND = YES;
				GCC_C_LANGUAGE_STANDARD = gnu99;
				GCC_NO_COMMON_BLOCKS = YES;
				GCC_WARN_64_TO_32_BIT_CONVERSION = YES;
				GCC_WARN_ABOUT_RETURN_TYPE = YES_ERROR;
				GCC_WARN_UNDECLARED_SELECTOR = YES;
				GCC_WARN_UNINITIALIZED_AUTOS = YES_AGGRESSIVE;
				GCC_WARN_UNUSED_FUNCTION = YES;
				GCC_WARN_UNUSED_VARIABLE = YES;
				IPHONEOS_DEPLOYMENT_TARGET = 10.1;
				MTL_ENABLE_DEBUG_INFO = NO;
				SDKROOT = iphoneos;
				SWIFT_OPTIMIZATION_LEVEL = "-Owholemodule";
				TARGETED_DEVICE_FAMILY = "1,2";
				VALIDATE_PRODUCT = YES;
			};
			name = Release;
		};
		829160561DF64706005D878C /* Debug */ = {
			isa = XCBuildConfiguration;
			buildSettings = {
				ASSETCATALOG_COMPILER_APPICON_NAME = AppIcon;
				DEVELOPMENT_TEAM = J3V6S85N9Y;
				INFOPLIST_FILE = Banner/Info.plist;
				IPHONEOS_DEPLOYMENT_TARGET = 8.0;
				LD_RUNPATH_SEARCH_PATHS = "$(inherited) @executable_path/Frameworks";
				PRODUCT_BUNDLE_IDENTIFIER = Ysx.Banner;
				PRODUCT_NAME = "$(TARGET_NAME)";
				SWIFT_VERSION = 3.0;
			};
			name = Debug;
		};
		829160571DF64706005D878C /* Release */ = {
			isa = XCBuildConfiguration;
			buildSettings = {
				ASSETCATALOG_COMPILER_APPICON_NAME = AppIcon;
				DEVELOPMENT_TEAM = J3V6S85N9Y;
				INFOPLIST_FILE = Banner/Info.plist;
				IPHONEOS_DEPLOYMENT_TARGET = 8.0;
				LD_RUNPATH_SEARCH_PATHS = "$(inherited) @executable_path/Frameworks";
				PRODUCT_BUNDLE_IDENTIFIER = Ysx.Banner;
				PRODUCT_NAME = "$(TARGET_NAME)";
				SWIFT_VERSION = 3.0;
			};
			name = Release;
		};
/* End XCBuildConfiguration section */

/* Begin XCConfigurationList section */
		8291603E1DF64706005D878C /* Build configuration list for PBXProject "Banner" */ = {
			isa = XCConfigurationList;
			buildConfigurations = (
				829160531DF64706005D878C /* Debug */,
				829160541DF64706005D878C /* Release */,
			);
			defaultConfigurationIsVisible = 0;
			defaultConfigurationName = Release;
		};
		829160551DF64706005D878C /* Build configuration list for PBXNativeTarget "Banner" */ = {
			isa = XCConfigurationList;
			buildConfigurations = (
				829160561DF64706005D878C /* Debug */,
				829160571DF64706005D878C /* Release */,
			);
			defaultConfigurationIsVisible = 0;
			defaultConfigurationName = Release;
		};
/* End XCConfigurationList section */
	};
	rootObject = 8291603B1DF64706005D878C /* Project object */;
}
